dependencies:
  minimist: 1.2.5
devDependencies:
  '@beyonk/eslint-config': 5.0.2
lockfileVersion: 5.2
packages:
  /@beyonk/eslint-config/5.0.2:
    dependencies:
      eslint-config-standard: 16.0.2_a9466f6230ed9f0b34e13c096bf4e836
      eslint-plugin-import: 2.22.1
      eslint-plugin-mocha: 8.0.0
      eslint-plugin-node: 11.1.0
      eslint-plugin-promise: 4.2.1
    dev: true
    peerDependencies:
      eslint: ^7.19.0
    resolution:
      integrity: sha512-TJv7wQmlyr1AGmJV8U1/g3xaOx7pHZqEgBeE6ibSv5L3Z83/7wEDg5JQc0Ys9TkR/1Xa+QqUUtiMNxxTkJkyJA==
  /@types/json5/0.0.29:
    dev: true
    resolution:
      integrity: sha1-7ihweulOEdK4J7y+UnC86n8+ce4=
  /array-includes/3.1.2:
    dependencies:
      call-bind: 1.0.2
      define-properties: 1.1.3
      es-abstract: 1.18.0-next.2
      get-intrinsic: 1.1.1
      is-string: 1.0.5
    dev: true
    engines:
      node: '>= 0.4'
    resolution:
      integrity: sha512-w2GspexNQpx+PutG3QpT437/BenZBj0M/MZGn5mzv/MofYqo0xmRHzn4lFsoDlWJ+THYsGJmFlW68WlDFx7VRw==
  /array.prototype.flat/1.2.4:
    dependencies:
      call-bind: 1.0.2
      define-properties: 1.1.3
      es-abstract: 1.18.0-next.2
    dev: true
    engines:
      node: '>= 0.4'
    resolution:
      integrity: sha512-4470Xi3GAPAjZqFcljX2xzckv1qeKPizoNkiS0+O4IoPR2ZNpcjE0pkhdihlDouK+x6QOast26B4Q/O9DJnwSg==
  /balanced-match/1.0.0:
    dev: true
    resolution:
      integrity: sha1-ibTRmasr7kneFk6gK4nORi1xt2c=
  /brace-expansion/1.1.11:
    dependencies:
      balanced-match: 1.0.0
      concat-map: 0.0.1
    dev: true
    resolution:
      integrity: sha512-iCuPHDFgrHX7H2vEI/5xpz07zSHB00TpugqhmYtVmMO6518mCuRMoOYFldEBl0g187ufozdaHgWKcYFb61qGiA==
  /call-bind/1.0.2:
    dependencies:
      function-bind: 1.1.1
      get-intrinsic: 1.1.1
    dev: true
    resolution:
      integrity: sha512-7O+FbCihrB5WGbFYesctwmTKae6rOiIzmz1icreWJ+0aA7LJfuqhEso2T9ncpcFtzMQtzXf2QGGueWJGTYsqrA==
  /concat-map/0.0.1:
    dev: true
    resolution:
      integrity: sha1-2Klr13/Wjfd5OnMDajug1UBdR3s=
  /contains-path/0.1.0:
    dev: true
    engines:
      node: '>=0.10.0'
    resolution:
      integrity: sha1-/ozxhP9mcLa67wGp1IYaXL7EEgo=
  /debug/2.6.9:
    dependencies:
      ms: 2.0.0
    dev: true
    resolution:
      integrity: sha512-bC7ElrdJaJnPbAP+1EotYvqZsb3ecl5wi6Bfi6BJTUcNowp6cvspg0jXznRTKDjm/E7AdgFBVeAPVMNcKGsHMA==
  /define-properties/1.1.3:
    dependencies:
      object-keys: 1.1.1
    dev: true
    engines:
      node: '>= 0.4'
    resolution:
      integrity: sha512-3MqfYKj2lLzdMSf8ZIZE/V+Zuy+BgD6f164e8K2w7dgnpKArBDerGYpM46IYYcjnkdPNMjPk9A6VFB8+3SKlXQ==
  /doctrine/1.5.0:
    dependencies:
      esutils: 2.0.3
      isarray: 1.0.0
    dev: true
    engines:
      node: '>=0.10.0'
    resolution:
      integrity: sha1-N53Ocw9hZvds76TmcHoVmwLFpvo=
  /error-ex/1.3.2:
    dependencies:
      is-arrayish: 0.2.1
    dev: true
    resolution:
      integrity: sha512-7dFHNmqeFSEt2ZBsCriorKnn3Z2pj+fd9kmI6QoWw4//DL+icEBfc0U7qJCisqrTsKTjw4fNFy2pW9OqStD84g==
  /es-abstract/1.18.0-next.2:
    dependencies:
      call-bind: 1.0.2
      es-to-primitive: 1.2.1
      function-bind: 1.1.1
      get-intrinsic: 1.1.1
      has: 1.0.3
      has-symbols: 1.0.1
      is-callable: 1.2.3
      is-negative-zero: 2.0.1
      is-regex: 1.1.2
      object-inspect: 1.9.0
      object-keys: 1.1.1
      object.assign: 4.1.2
      string.prototype.trimend: 1.0.3
      string.prototype.trimstart: 1.0.3
    dev: true
    engines:
      node: '>= 0.4'
    resolution:
      integrity: sha512-Ih4ZMFHEtZupnUh6497zEL4y2+w8+1ljnCyaTa+adcoafI1GOvMwFlDjBLfWR7y9VLfrjRJe9ocuHY1PSR9jjw==
  /es-to-primitive/1.2.1:
    dependencies:
      is-callable: 1.2.3
      is-date-object: 1.0.2
      is-symbol: 1.0.3
    dev: true
    engines:
      node: '>= 0.4'
    resolution:
      integrity: sha512-QCOllgZJtaUo9miYBcLChTUaHNjJF3PYs1VidD7AwiEj1kYxKeQTctLAezAOH5ZKRH0g2IgPn6KwB4IT8iRpvA==
  /eslint-config-standard/16.0.2_a9466f6230ed9f0b34e13c096bf4e836:
    dependencies:
      eslint-plugin-import: 2.22.1
      eslint-plugin-node: 11.1.0
      eslint-plugin-promise: 4.2.1
    dev: true
    peerDependencies:
      eslint: ^7.12.1
      eslint-plugin-import: ^2.22.1
      eslint-plugin-node: ^11.1.0
      eslint-plugin-promise: ^4.2.1
    resolution:
      integrity: sha512-fx3f1rJDsl9bY7qzyX8SAtP8GBSk6MfXFaTfaGgk12aAYW4gJSyRm7dM790L6cbXv63fvjY4XeSzXnb4WM+SKw==
  /eslint-import-resolver-node/0.3.4:
    dependencies:
      debug: 2.6.9
      resolve: 1.19.0
    dev: true
    resolution:
      integrity: sha512-ogtf+5AB/O+nM6DIeBUNr2fuT7ot9Qg/1harBfBtaP13ekEWFQEEMP94BCB7zaNW3gyY+8SHYF00rnqYwXKWOA==
  /eslint-module-utils/2.6.0:
    dependencies:
      debug: 2.6.9
      pkg-dir: 2.0.0
    dev: true
    engines:
      node: '>=4'
    resolution:
      integrity: sha512-6j9xxegbqe8/kZY8cYpcp0xhbK0EgJlg3g9mib3/miLaExuuwc3n5UEfSnU6hWMbT0FAYVvDbL9RrRgpUeQIvA==
  /eslint-plugin-es/3.0.1:
    dependencies:
      eslint-utils: 2.1.0
      regexpp: 3.1.0
    dev: true
    engines:
      node: '>=8.10.0'
    peerDependencies:
      eslint: '>=4.19.1'
    resolution:
      integrity: sha512-GUmAsJaN4Fc7Gbtl8uOBlayo2DqhwWvEzykMHSCZHU3XdJ+NSzzZcVhXh3VxX5icqQ+oQdIEawXX8xkR3mIFmQ==
  /eslint-plugin-import/2.22.1:
    dependencies:
      array-includes: 3.1.2
      array.prototype.flat: 1.2.4
      contains-path: 0.1.0
      debug: 2.6.9
      doctrine: 1.5.0
      eslint-import-resolver-node: 0.3.4
      eslint-module-utils: 2.6.0
      has: 1.0.3
      minimatch: 3.0.4
      object.values: 1.1.2
      read-pkg-up: 2.0.0
      resolve: 1.19.0
      tsconfig-paths: 3.9.0
    dev: true
    engines:
      node: '>=4'
    peerDependencies:
      eslint: ^2 || ^3 || ^4 || ^5 || ^6 || ^7.2.0
    resolution:
      integrity: sha512-8K7JjINHOpH64ozkAhpT3sd+FswIZTfMZTjdx052pnWrgRCVfp8op9tbjpAk3DdUeI/Ba4C8OjdC0r90erHEOw==
  /eslint-plugin-mocha/8.0.0:
    dependencies:
      eslint-utils: 2.1.0
      ramda: 0.27.1
    dev: true
    engines:
      node: '>=10.0.0'
    peerDependencies:
      eslint: '>=7.0.0'
    resolution:
      integrity: sha512-n67etbWDz6NQM+HnTwZHyBwz/bLlYPOxUbw7bPuCyFujv7ZpaT/Vn6KTAbT02gf7nRljtYIjWcTxK/n8a57rQQ==
  /eslint-plugin-node/11.1.0:
    dependencies:
      eslint-plugin-es: 3.0.1
      eslint-utils: 2.1.0
      ignore: 5.1.8
      minimatch: 3.0.4
      resolve: 1.19.0
      semver: 6.3.0
    dev: true
    engines:
      node: '>=8.10.0'
    peerDependencies:
      eslint: '>=5.16.0'
    resolution:
      integrity: sha512-oUwtPJ1W0SKD0Tr+wqu92c5xuCeQqB3hSCHasn/ZgjFdA9iDGNkNf2Zi9ztY7X+hNuMib23LNGRm6+uN+KLE3g==
  /eslint-plugin-promise/4.2.1:
    dev: true
    engines:
      node: '>=6'
    resolution:
      integrity: sha512-VoM09vT7bfA7D+upt+FjeBO5eHIJQBUWki1aPvB+vbNiHS3+oGIJGIeyBtKQTME6UPXXy3vV07OL1tHd3ANuDw==
  /eslint-utils/2.1.0:
    dependencies:
      eslint-visitor-keys: 1.3.0
    dev: true
    engines:
      node: '>=6'
    resolution:
      integrity: sha512-w94dQYoauyvlDc43XnGB8lU3Zt713vNChgt4EWwhXAP2XkBvndfxF0AgIqKOOasjPIPzj9JqgwkwbCYD0/V3Zg==
  /eslint-visitor-keys/1.3.0:
    dev: true
    engines:
      node: '>=4'
    resolution:
      integrity: sha512-6J72N8UNa462wa/KFODt/PJ3IU60SDpC3QXC1Hjc1BXXpfL2C9R5+AU7jhe0F6GREqVMh4Juu+NY7xn+6dipUQ==
  /esutils/2.0.3:
    dev: true
    engines:
      node: '>=0.10.0'
    resolution:
      integrity: sha512-kVscqXk4OCp68SZ0dkgEKVi6/8ij300KBWTJq32P/dYeWTSwK41WyTxalN1eRmA5Z9UU/LX9D7FWSmV9SAYx6g==
  /find-up/2.1.0:
    dependencies:
      locate-path: 2.0.0
    dev: true
    engines:
      node: '>=4'
    resolution:
      integrity: sha1-RdG35QbHF93UgndaK3eSCjwMV6c=
  /function-bind/1.1.1:
    dev: true
    resolution:
      integrity: sha512-yIovAzMX49sF8Yl58fSCWJ5svSLuaibPxXQJFLmBObTuCr0Mf1KiPopGM9NiFjiYBCbfaa2Fh6breQ6ANVTI0A==
  /get-intrinsic/1.1.1:
    dependencies:
      function-bind: 1.1.1
      has: 1.0.3
      has-symbols: 1.0.1
    dev: true
    resolution:
      integrity: sha512-kWZrnVM42QCiEA2Ig1bG8zjoIMOgxWwYCEeNdwY6Tv/cOSeGpcoX4pXHfKUxNKVoArnrEr2e9srnAxxGIraS9Q==
  /graceful-fs/4.2.5:
    dev: true
    resolution:
      integrity: sha512-kBBSQbz2K0Nyn+31j/w36fUfxkBW9/gfwRWdUY1ULReH3iokVJgddZAFcD1D0xlgTmFxJCbUkUclAlc6/IDJkw==
  /has-symbols/1.0.1:
    dev: true
    engines:
      node: '>= 0.4'
    resolution:
      integrity: sha512-PLcsoqu++dmEIZB+6totNFKq/7Do+Z0u4oT0zKOJNl3lYK6vGwwu2hjHs+68OEZbTjiUE9bgOABXbP/GvrS0Kg==
  /has/1.0.3:
    dependencies:
      function-bind: 1.1.1
    dev: true
    engines:
      node: '>= 0.4.0'
    resolution:
      integrity: sha512-f2dvO0VU6Oej7RkWJGrehjbzMAjFp5/VKPp5tTpWIV4JHHZK1/BxbFRtf/siA2SWTe09caDmVtYYzWEIbBS4zw==
  /hosted-git-info/2.8.8:
    dev: true
    resolution:
      integrity: sha512-f/wzC2QaWBs7t9IYqB4T3sR1xviIViXJRJTWBlx2Gf3g0Xi5vI7Yy4koXQ1c9OYDGHN9sBy1DQ2AB8fqZBWhUg==
  /ignore/5.1.8:
    dev: true
    engines:
      node: '>= 4'
    resolution:
      integrity: sha512-BMpfD7PpiETpBl/A6S498BaIJ6Y/ABT93ETbby2fP00v4EbvPBXWEoaR1UBPKs3iR53pJY7EtZk5KACI57i1Uw==
  /is-arrayish/0.2.1:
    dev: true
    resolution:
      integrity: sha1-d8mYQFJ6qOyxqLppe4BkWnqSap0=
  /is-callable/1.2.3:
    dev: true
    engines:
      node: '>= 0.4'
    resolution:
      integrity: sha512-J1DcMe8UYTBSrKezuIUTUwjXsho29693unXM2YhJUTR2txK/eG47bvNa/wipPFmZFgr/N6f1GA66dv0mEyTIyQ==
  /is-core-module/2.2.0:
    dependencies:
      has: 1.0.3
    dev: true
    resolution:
      integrity: sha512-XRAfAdyyY5F5cOXn7hYQDqh2Xmii+DEfIcQGxK/uNwMHhIkPWO0g8msXcbzLe+MpGoR951MlqM/2iIlU4vKDdQ==
  /is-date-object/1.0.2:
    dev: true
    engines:
      node: '>= 0.4'
    resolution:
      integrity: sha512-USlDT524woQ08aoZFzh3/Z6ch9Y/EWXEHQ/AaRN0SkKq4t2Jw2R2339tSXmwuVoY7LLlBCbOIlx2myP/L5zk0g==
  /is-negative-zero/2.0.1:
    dev: true
    engines:
      node: '>= 0.4'
    resolution:
      integrity: sha512-2z6JzQvZRa9A2Y7xC6dQQm4FSTSTNWjKIYYTt4246eMTJmIo0Q+ZyOsU66X8lxK1AbB92dFeglPLrhwpeRKO6w==
  /is-regex/1.1.2:
    dependencies:
      call-bind: 1.0.2
      has-symbols: 1.0.1
    dev: true
    engines:
      node: '>= 0.4'
    resolution:
      integrity: sha512-axvdhb5pdhEVThqJzYXwMlVuZwC+FF2DpcOhTS+y/8jVq4trxyPgfcwIxIKiyeuLlSQYKkmUaPQJ8ZE4yNKXDg==
  /is-string/1.0.5:
    dev: true
    engines:
      node: '>= 0.4'
    resolution:
      integrity: sha512-buY6VNRjhQMiF1qWDouloZlQbRhDPCebwxSjxMjxgemYT46YMd2NR0/H+fBhEfWX4A/w9TBJ+ol+okqJKFE6vQ==
  /is-symbol/1.0.3:
    dependencies:
      has-symbols: 1.0.1
    dev: true
    engines:
      node: '>= 0.4'
    resolution:
      integrity: sha512-OwijhaRSgqvhm/0ZdAcXNZt9lYdKFpcRDT5ULUuYXPoT794UNOdU+gpT6Rzo7b4V2HUl/op6GqY894AZwv9faQ==
  /isarray/1.0.0:
    dev: true
    resolution:
      integrity: sha1-u5NdSFgsuhaMBoNJV6VKPgcSTxE=
  /json5/1.0.1:
    dependencies:
      minimist: 1.2.5
    dev: true
    hasBin: true
    resolution:
      integrity: sha512-aKS4WQjPenRxiQsC93MNfjx+nbF4PAdYzmd/1JIj8HYzqfbu86beTuNgXDzPknWk0n0uARlyewZo4s++ES36Ow==
  /load-json-file/2.0.0:
    dependencies:
      graceful-fs: 4.2.5
      parse-json: 2.2.0
      pify: 2.3.0
      strip-bom: 3.0.0
    dev: true
    engines:
      node: '>=4'
    resolution:
      integrity: sha1-eUfkIUmvgNaWy/eXvKq8/h/inKg=
  /locate-path/2.0.0:
    dependencies:
      p-locate: 2.0.0
      path-exists: 3.0.0
    dev: true
    engines:
      node: '>=4'
    resolution:
      integrity: sha1-K1aLJl7slExtnA3pw9u7ygNUzY4=
  /minimatch/3.0.4:
    dependencies:
      brace-expansion: 1.1.11
    dev: true
    resolution:
      integrity: sha512-yJHVQEhyqPLUTgt9B83PXu6W3rx4MvvHvSUvToogpwoGDOUQ+yDrR0HRot+yOCdCO7u4hX3pWft6kWBBcqh0UA==
  /minimist/1.2.5:
    resolution:
      integrity: sha512-FM9nNUYrRBAELZQT3xeZQ7fmMOBg6nWNmJKTcgsJeaLstP/UODVpGsr5OhXhhXg6f+qtJ8uiZ+PUxkDWcgIXLw==
  /ms/2.0.0:
    dev: true
    resolution:
      integrity: sha1-VgiurfwAvmwpAd9fmGF4jeDVl8g=
  /normalize-package-data/2.5.0:
    dependencies:
      hosted-git-info: 2.8.8
      resolve: 1.19.0
      semver: 5.7.1
      validate-npm-package-license: 3.0.4
    dev: true
    resolution:
      integrity: sha512-/5CMN3T0R4XTj4DcGaexo+roZSdSFW/0AOOTROrjxzCG1wrWXEsGbRKevjlIL+ZDE4sZlJr5ED4YW0yqmkK+eA==
  /object-inspect/1.9.0:
    dev: true
    resolution:
      integrity: sha512-i3Bp9iTqwhaLZBxGkRfo5ZbE07BQRT7MGu8+nNgwW9ItGp1TzCTw2DLEoWwjClxBjOFI/hWljTAmYGCEwmtnOw==
  /object-keys/1.1.1:
    dev: true
    engines:
      node: '>= 0.4'
    resolution:
      integrity: sha512-NuAESUOUMrlIXOfHKzD6bpPu3tYt3xvjNdRIQ+FeT0lNb4K8WR70CaDxhuNguS2XG+GjkyMwOzsN5ZktImfhLA==
  /object.assign/4.1.2:
    dependencies:
      call-bind: 1.0.2
      define-properties: 1.1.3
      has-symbols: 1.0.1
      object-keys: 1.1.1
    dev: true
    engines:
      node: '>= 0.4'
    resolution:
      integrity: sha512-ixT2L5THXsApyiUPYKmW+2EHpXXe5Ii3M+f4e+aJFAHao5amFRW6J0OO6c/LU8Be47utCx2GL89hxGB6XSmKuQ==
  /object.values/1.1.2:
    dependencies:
      call-bind: 1.0.2
      define-properties: 1.1.3
      es-abstract: 1.18.0-next.2
      has: 1.0.3
    dev: true
    engines:
      node: '>= 0.4'
    resolution:
      integrity: sha512-MYC0jvJopr8EK6dPBiO8Nb9mvjdypOachO5REGk6MXzujbBrAisKo3HmdEI6kZDL6fC31Mwee/5YbtMebixeag==
  /p-limit/1.3.0:
    dependencies:
      p-try: 1.0.0
    dev: true
    engines:
      node: '>=4'
    resolution:
      integrity: sha512-vvcXsLAJ9Dr5rQOPk7toZQZJApBl2K4J6dANSsEuh6QI41JYcsS/qhTGa9ErIUUgK3WNQoJYvylxvjqmiqEA9Q==
  /p-locate/2.0.0:
    dependencies:
      p-limit: 1.3.0
    dev: true
    engines:
      node: '>=4'
    resolution:
      integrity: sha1-IKAQOyIqcMj9OcwuWAaA893l7EM=
  /p-try/1.0.0:
    dev: true
    engines:
      node: '>=4'
    resolution:
      integrity: sha1-y8ec26+P1CKOE/Yh8rGiN8GyB7M=
  /parse-json/2.2.0:
    dependencies:
      error-ex: 1.3.2
    dev: true
    engines:
      node: '>=0.10.0'
    resolution:
      integrity: sha1-9ID0BDTvgHQfhGkJn43qGPVaTck=
  /path-exists/3.0.0:
    dev: true
    engines:
      node: '>=4'
    resolution:
      integrity: sha1-zg6+ql94yxiSXqfYENe1mwEP1RU=
  /path-parse/1.0.6:
    dev: true
    resolution:
      integrity: sha512-GSmOT2EbHrINBf9SR7CDELwlJ8AENk3Qn7OikK4nFYAu3Ote2+JYNVvkpAEQm3/TLNEJFD/xZJjzyxg3KBWOzw==
  /path-type/2.0.0:
    dependencies:
      pify: 2.3.0
    dev: true
    engines:
      node: '>=4'
    resolution:
      integrity: sha1-8BLMuEFbcJb8LaoQVMPXI4lZTHM=
  /pify/2.3.0:
    dev: true
    engines:
      node: '>=0.10.0'
    resolution:
      integrity: sha1-7RQaasBDqEnqWISY59yosVMw6Qw=
  /pkg-dir/2.0.0:
    dependencies:
      find-up: 2.1.0
    dev: true
    engines:
      node: '>=4'
    resolution:
      integrity: sha1-9tXREJ4Z1j7fQo4L1X4Sd3YVM0s=
  /ramda/0.27.1:
    dev: true
    resolution:
      integrity: sha512-PgIdVpn5y5Yns8vqb8FzBUEYn98V3xcPgawAkkgj0YJ0qDsnHCiNmZYfOGMgOvoB0eWFLpYbhxUR3mxfDIMvpw==
  /read-pkg-up/2.0.0:
    dependencies:
      find-up: 2.1.0
      read-pkg: 2.0.0
    dev: true
    engines:
      node: '>=4'
    resolution:
      integrity: sha1-a3KoBImE4MQeeVEP1en6mbO1Sb4=
  /read-pkg/2.0.0:
    dependencies:
      load-json-file: 2.0.0
      normalize-package-data: 2.5.0
      path-type: 2.0.0
    dev: true
    engines:
      node: '>=4'
    resolution:
      integrity: sha1-jvHAYjxqbbDcZxPEv6xGMysjaPg=
  /regexpp/3.1.0:
    dev: true
    engines:
      node: '>=8'
    resolution:
      integrity: sha512-ZOIzd8yVsQQA7j8GCSlPGXwg5PfmA1mrq0JP4nGhh54LaKN3xdai/vHUDu74pKwV8OxseMS65u2NImosQcSD0Q==
  /resolve/1.19.0:
    dependencies:
      is-core-module: 2.2.0
      path-parse: 1.0.6
    dev: true
    resolution:
      integrity: sha512-rArEXAgsBG4UgRGcynxWIWKFvh/XZCcS8UJdHhwy91zwAvCZIbcs+vAbflgBnNjYMs/i/i+/Ux6IZhML1yPvxg==
  /semver/5.7.1:
    dev: true
    hasBin: true
    resolution:
      integrity: sha512-sauaDf/PZdVgrLTNYHRtpXa1iRiKcaebiKQ1BJdpQlWH2lCvexQdX55snPFyK7QzpudqbCI0qXFfOasHdyNDGQ==
  /semver/6.3.0:
    dev: true
    hasBin: true
    resolution:
      integrity: sha512-b39TBaTSfV6yBrapU89p5fKekE2m/NwnDocOVruQFS1/veMgdzuPcnOM34M6CwxW8jH/lxEa5rBoDeUwu5HHTw==
  /spdx-correct/3.1.1:
    dependencies:
      spdx-expression-parse: 3.0.1
      spdx-license-ids: 3.0.7
    dev: true
    resolution:
      integrity: sha512-cOYcUWwhCuHCXi49RhFRCyJEK3iPj1Ziz9DpViV3tbZOwXD49QzIN3MpOLJNxh2qwq2lJJZaKMVw9qNi4jTC0w==
  /spdx-exceptions/2.3.0:
    dev: true
    resolution:
      integrity: sha512-/tTrYOC7PPI1nUAgx34hUpqXuyJG+DTHJTnIULG4rDygi4xu/tfgmq1e1cIRwRzwZgo4NLySi+ricLkZkw4i5A==
  /spdx-expression-parse/3.0.1:
    dependencies:
      spdx-exceptions: 2.3.0
      spdx-license-ids: 3.0.7
    dev: true
    resolution:
      integrity: sha512-cbqHunsQWnJNE6KhVSMsMeH5H/L9EpymbzqTQ3uLwNCLZ1Q481oWaofqH7nO6V07xlXwY6PhQdQ2IedWx/ZK4Q==
  /spdx-license-ids/3.0.7:
    dev: true
    resolution:
      integrity: sha512-U+MTEOO0AiDzxwFvoa4JVnMV6mZlJKk2sBLt90s7G0Gd0Mlknc7kxEn3nuDPNZRta7O2uy8oLcZLVT+4sqNZHQ==
  /string.prototype.trimend/1.0.3:
    dependencies:
      call-bind: 1.0.2
      define-properties: 1.1.3
    dev: true
    resolution:
      integrity: sha512-ayH0pB+uf0U28CtjlLvL7NaohvR1amUvVZk+y3DYb0Ey2PUV5zPkkKy9+U1ndVEIXO8hNg18eIv9Jntbii+dKw==
  /string.prototype.trimstart/1.0.3:
    dependencies:
      call-bind: 1.0.2
      define-properties: 1.1.3
    dev: true
    resolution:
      integrity: sha512-oBIBUy5lea5tt0ovtOFiEQaBkoBBkyJhZXzJYrSmDo5IUUqbOPvVezuRs/agBIdZ2p2Eo1FD6bD9USyBLfl3xg==
  /strip-bom/3.0.0:
    dev: true
    engines:
      node: '>=4'
    resolution:
      integrity: sha1-IzTBjpx1n3vdVv3vfprj1YjmjtM=
  /tsconfig-paths/3.9.0:
    dependencies:
      '@types/json5': 0.0.29
      json5: 1.0.1
      minimist: 1.2.5
      strip-bom: 3.0.0
    dev: true
    resolution:
      integrity: sha512-dRcuzokWhajtZWkQsDVKbWyY+jgcLC5sqJhg2PSgf4ZkH2aHPvaOY8YWGhmjb68b5qqTfasSsDO9k7RUiEmZAw==
  /validate-npm-package-license/3.0.4:
    dependencies:
      spdx-correct: 3.1.1
      spdx-expression-parse: 3.0.1
    dev: true
    resolution:
      integrity: sha512-DpKm2Ui/xN7/HQKCtpZxoRWBhZ9Z0kqtygG8XCgNQ8ZlDnxuQmWhj566j8fN4Cu3/JmbhsDo7fcAJq4s9h27Ew==
specifiers:
  '@beyonk/eslint-config': ^5.0.2
  minimist: ^1.2.5
